
Microsoft Visual Studio Solution File, Format Version 12.00
Project("{FAE04EC0-301F-11D3-BF4B-00C04F79EFBC}") = "MicrobotApi", "MicrobotApi\MicrobotApi.csproj", "{F46D6092-FE1F-41A2-879A-9A132B80AF7C}"
EndProject
Global
	GlobalSection(SolutionConfigurationPlatforms) = preSolution
		Debug|Any CPU = Debug|Any CPU
		Release|Any CPU = Release|Any CPU
	EndGlobalSection
	GlobalSection(ProjectConfigurationPlatforms) = postSolution
		{F46D6092-FE1F-41A2-879A-9A132B80AF7C}.Debug|Any CPU.ActiveCfg = Debug|Any CPU
		{F46D6092-FE1F-41A2-879A-9A132B80AF7C}.Debug|Any CPU.Build.0 = Debug|Any CPU
		{F46D6092-FE1F-41A2-879A-9A132B80AF7C}.Release|Any CPU.ActiveCfg = Release|Any CPU
		{F46D6092-FE1F-41A2-879A-9A132B80AF7C}.Release|Any CPU.Build.0 = Release|Any CPU
	EndGlobalSection
EndGlobal
